
Microsoft Visual Studio Solution File, Format Version 12.00
# Visual Studio Version 17
VisualStudioVersion = 17.4.33122.133
MinimumVisualStudioVersion = 10.0.40219.1
Project("{FAE04EC0-301F-11D3-BF4B-00C04F79EFBC}") = "ConsoleApp1", "ConsoleApp1\ConsoleApp1.csproj", "{69D56815-4723-4367-8563-0F0E81C42FF3}"
EndProject
Global
	GlobalSection(SolutionConfigurationPlatforms) = preSolution
		Debug|Any CPU = Debug|Any CPU
		Release|Any CPU = Release|Any CPU
	EndGlobalSection
	GlobalSection(ProjectConfigurationPlatforms) = postSolution
		{69D56815-4723-4367-8563-0F0E81C42FF3}.Debug|Any CPU.ActiveCfg = Debug|Any CPU
		{69D56815-4723-4367-8563-0F0E81C42FF3}.Debug|Any CPU.Build.0 = Debug|Any CPU
		{69D56815-4723-4367-8563-0F0E81C42FF3}.Release|Any CPU.ActiveCfg = Release|Any CPU
		{69D56815-4723-4367-8563-0F0E81C42FF3}.Release|Any CPU.Build.0 = Release|Any CPU
	EndGlobalSection
	GlobalSection(SolutionProperties) = preSolution
		HideSolutionNode = FALSE
	EndGlobalSection
	GlobalSection(ExtensibilityGlobals) = postSolution
		SolutionGuid = {4A1BB73B-F82B-4F2A-9D64-F36FBCA946CA}
	EndGlobalSection
EndGlobal
